
Microsoft Visual Studio Solution File, Format Version 12.00
# Visual Studio Version 17
VisualStudioVersion = 17.3.32922.545
MinimumVisualStudioVersion = 10.0.40219.1
Project("{FAE04EC0-301F-11D3-BF4B-00C04F79EFBC}") = "OdeToFood", "OdeToFood\OdeToFood.csproj", "{F4E36236-BF94-498C-AA5F-AD19685307CE}"
EndProject
Project("{FAE04EC0-301F-11D3-BF4B-00C04F79EFBC}") = "OdeToFood.Core", "OdeToFood.Core\OdeToFood.Core.csproj", "{AAA27411-4322-47B3-853D-5132BE16B725}"
EndProject
Project("{FAE04EC0-301F-11D3-BF4B-00C04F79EFBC}") = "OdeToFood.Data", "OdeToFood.Data\OdeToFood.Data.csproj", "{C015C758-E215-40CD-A228-F454E2072F02}"
EndProject
Global
	GlobalSection(SolutionConfigurationPlatforms) = preSolution
		Debug|Any CPU = Debug|Any CPU
		Release|Any CPU = Release|Any CPU
	EndGlobalSection
	GlobalSection(ProjectConfigurationPlatforms) = postSolution
		{F4E36236-BF94-498C-AA5F-AD19685307CE}.Debug|Any CPU.ActiveCfg = Debug|Any CPU
		{F4E36236-BF94-498C-AA5F-AD19685307CE}.Debug|Any CPU.Build.0 = Debug|Any CPU
		{F4E36236-BF94-498C-AA5F-AD19685307CE}.Release|Any CPU.ActiveCfg = Release|Any CPU
		{F4E36236-BF94-498C-AA5F-AD19685307CE}.Release|Any CPU.Build.0 = Release|Any CPU
		{AAA27411-4322-47B3-853D-5132BE16B725}.Debug|Any CPU.ActiveCfg = Debug|Any CPU
		{AAA27411-4322-47B3-853D-5132BE16B725}.Debug|Any CPU.Build.0 = Debug|Any CPU
		{AAA27411-4322-47B3-853D-5132BE16B725}.Release|Any CPU.ActiveCfg = Release|Any CPU
		{AAA27411-4322-47B3-853D-5132BE16B725}.Release|Any CPU.Build.0 = Release|Any CPU
		{C015C758-E215-40CD-A228-F454E2072F02}.Debug|Any CPU.ActiveCfg = Debug|Any CPU
		{C015C758-E215-40CD-A228-F454E2072F02}.Debug|Any CPU.Build.0 = Debug|Any CPU
		{C015C758-E215-40CD-A228-F454E2072F02}.Release|Any CPU.ActiveCfg = Release|Any CPU
		{C015C758-E215-40CD-A228-F454E2072F02}.Release|Any CPU.Build.0 = Release|Any CPU
	EndGlobalSection
	GlobalSection(SolutionProperties) = preSolution
		HideSolutionNode = FALSE
	EndGlobalSection
	GlobalSection(ExtensibilityGlobals) = postSolution
		SolutionGuid = {1C846A93-D5FB-4F0A-BD60-3F7D2EC0E60E}
	EndGlobalSection
EndGlobal
